
Microsoft Visual Studio Solution File, Format Version 12.00
# Visual Studio Version 17
VisualStudioVersion = 17.5.33502.453
MinimumVisualStudioVersion = 10.0.40219.1
Project("{FAE04EC0-301F-11D3-BF4B-00C04F79EFBC}") = "WindowsFormsApp2", "WindowsFormsApp2\WindowsFormsApp2.csproj", "{20837235-4E9F-423C-B7AC-C5A0E23FCA26}"
EndProject
Global
	GlobalSection(SolutionConfigurationPlatforms) = preSolution
		Debug|Any CPU = Debug|Any CPU
		Release|Any CPU = Release|Any CPU
	EndGlobalSection
	GlobalSection(ProjectConfigurationPlatforms) = postSolution
		{20837235-4E9F-423C-B7AC-C5A0E23FCA26}.Debug|Any CPU.ActiveCfg = Debug|Any CPU
		{20837235-4E9F-423C-B7AC-C5A0E23FCA26}.Debug|Any CPU.Build.0 = Debug|Any CPU
		{20837235-4E9F-423C-B7AC-C5A0E23FCA26}.Release|Any CPU.ActiveCfg = Release|Any CPU
		{20837235-4E9F-423C-B7AC-C5A0E23FCA26}.Release|Any CPU.Build.0 = Release|Any CPU
	EndGlobalSection
	GlobalSection(SolutionProperties) = preSolution
		HideSolutionNode = FALSE
	EndGlobalSection
	GlobalSection(ExtensibilityGlobals) = postSolution
		SolutionGuid = {3D6B6153-13E0-40FE-B276-AA3B0F2D82F7}
	EndGlobalSection
EndGlobal
